
Microsoft Visual Studio Solution File, Format Version 12.00
# Visual Studio Version 16
VisualStudioVersion = 16.0.30907.101
MinimumVisualStudioVersion = 10.0.40219.1
Project("{9A19103F-16F7-4668-BE54-9A1E7A4F7556}") = "VariablesInputConversion_Example", "VariablesInputConversion_Example\VariablesInputConversion_Example.csproj", "{B2467546-F8FB-411F-95DC-6928D09F5A21}"
EndProject
Project("{9A19103F-16F7-4668-BE54-9A1E7A4F7556}") = "ConditionalStatements", "ConditionalStatements\ConditionalStatements.csproj", "{D697785C-CE5B-41F0-ACB5-63B4FD29FED5}"
EndProject
Project("{9A19103F-16F7-4668-BE54-9A1E7A4F7556}") = "Conditionals_FizzBuzz", "Conditionals_FizzBuzz\Conditionals_FizzBuzz.csproj", "{0D64EF07-7C4B-4C3E-9381-399CECB1A141}"
EndProject
Project("{9A19103F-16F7-4668-BE54-9A1E7A4F7556}") = "Loops", "Loops\Loops.csproj", "{FBB43E41-D42E-4221-B8A4-18F8D9A3FAFE}"
EndProject
Project("{9A19103F-16F7-4668-BE54-9A1E7A4F7556}") = "Loops_For", "Loops_For\Loops_For.csproj", "{9A3C8258-FDE9-49BE-AD56-38A81B8414E6}"
EndProject
Project("{9A19103F-16F7-4668-BE54-9A1E7A4F7556}") = "File_ExampleReadingInAFile", "File_ExampleReadingInAFile\File_ExampleReadingInAFile.csproj", "{691A7398-D79B-4CE2-BF1F-DC619316866C}"
EndProject
Project("{9A19103F-16F7-4668-BE54-9A1E7A4F7556}") = "StringManipulation", "StringManipulation\StringManipulation.csproj", "{2F4BC7A7-F6E9-4E1D-B4D4-91400382BDF1}"
EndProject
Project("{9A19103F-16F7-4668-BE54-9A1E7A4F7556}") = "Collections_Arrays", "Collections_Arrays\Collections_Arrays.csproj", "{420B0516-C61B-4546-8C28-B3CDCFE0F8E4}"
EndProject
Project("{9A19103F-16F7-4668-BE54-9A1E7A4F7556}") = "Collections_Dictionaries", "Collections_Dictionaries\Collections_Dictionaries.csproj", "{C111307B-4F85-4873-AE1D-C1C275DB3489}"
EndProject
Project("{9A19103F-16F7-4668-BE54-9A1E7A4F7556}") = "Collections_Lists", "Collections_Lists\Collections_Lists.csproj", "{D9269F3E-4840-4B21-8656-78CE23EA7D7E}"
EndProject
Project("{9A19103F-16F7-4668-BE54-9A1E7A4F7556}") = "File_ParsingData", "File_ParsingData\File_ParsingData.csproj", "{2DD0C687-06A8-4A09-8F94-5D8A70DABAA2}"
EndProject
Project("{FAE04EC0-301F-11D3-BF4B-00C04F79EFBC}") = "Functions_Example1", "Functions_Example1\Functions_Example1.csproj", "{E528C6DF-B76B-41A7-988D-E1428DE62855}"
EndProject
Global
	GlobalSection(SolutionConfigurationPlatforms) = preSolution
		Debug|Any CPU = Debug|Any CPU
		Release|Any CPU = Release|Any CPU
	EndGlobalSection
	GlobalSection(ProjectConfigurationPlatforms) = postSolution
		{B2467546-F8FB-411F-95DC-6928D09F5A21}.Debug|Any CPU.ActiveCfg = Debug|Any CPU
		{B2467546-F8FB-411F-95DC-6928D09F5A21}.Debug|Any CPU.Build.0 = Debug|Any CPU
		{B2467546-F8FB-411F-95DC-6928D09F5A21}.Release|Any CPU.ActiveCfg = Release|Any CPU
		{B2467546-F8FB-411F-95DC-6928D09F5A21}.Release|Any CPU.Build.0 = Release|Any CPU
		{D697785C-CE5B-41F0-ACB5-63B4FD29FED5}.Debug|Any CPU.ActiveCfg = Debug|Any CPU
		{D697785C-CE5B-41F0-ACB5-63B4FD29FED5}.Debug|Any CPU.Build.0 = Debug|Any CPU
		{D697785C-CE5B-41F0-ACB5-63B4FD29FED5}.Release|Any CPU.ActiveCfg = Release|Any CPU
		{D697785C-CE5B-41F0-ACB5-63B4FD29FED5}.Release|Any CPU.Build.0 = Release|Any CPU
		{0D64EF07-7C4B-4C3E-9381-399CECB1A141}.Debug|Any CPU.ActiveCfg = Debug|Any CPU
		{0D64EF07-7C4B-4C3E-9381-399CECB1A141}.Debug|Any CPU.Build.0 = Debug|Any CPU
		{0D64EF07-7C4B-4C3E-9381-399CECB1A141}.Release|Any CPU.ActiveCfg = Release|Any CPU
		{0D64EF07-7C4B-4C3E-9381-399CECB1A141}.Release|Any CPU.Build.0 = Release|Any CPU
		{FBB43E41-D42E-4221-B8A4-18F8D9A3FAFE}.Debug|Any CPU.ActiveCfg = Debug|Any CPU
		{FBB43E41-D42E-4221-B8A4-18F8D9A3FAFE}.Debug|Any CPU.Build.0 = Debug|Any CPU
		{FBB43E41-D42E-4221-B8A4-18F8D9A3FAFE}.Release|Any CPU.ActiveCfg = Release|Any CPU
		{FBB43E41-D42E-4221-B8A4-18F8D9A3FAFE}.Release|Any CPU.Build.0 = Release|Any CPU
		{9A3C8258-FDE9-49BE-AD56-38A81B8414E6}.Debug|Any CPU.ActiveCfg = Debug|Any CPU
		{9A3C8258-FDE9-49BE-AD56-38A81B8414E6}.Debug|Any CPU.Build.0 = Debug|Any CPU
		{9A3C8258-FDE9-49BE-AD56-38A81B8414E6}.Release|Any CPU.ActiveCfg = Release|Any CPU
		{9A3C8258-FDE9-49BE-AD56-38A81B8414E6}.Release|Any CPU.Build.0 = Release|Any CPU
		{691A7398-D79B-4CE2-BF1F-DC619316866C}.Debug|Any CPU.ActiveCfg = Debug|Any CPU
		{691A7398-D79B-4CE2-BF1F-DC619316866C}.Debug|Any CPU.Build.0 = Debug|Any CPU
		{691A7398-D79B-4CE2-BF1F-DC619316866C}.Release|Any CPU.ActiveCfg = Release|Any CPU
		{691A7398-D79B-4CE2-BF1F-DC619316866C}.Release|Any CPU.Build.0 = Release|Any CPU
		{2F4BC7A7-F6E9-4E1D-B4D4-91400382BDF1}.Debug|Any CPU.ActiveCfg = Debug|Any CPU
		{2F4BC7A7-F6E9-4E1D-B4D4-91400382BDF1}.Debug|Any CPU.Build.0 = Debug|Any CPU
		{2F4BC7A7-F6E9-4E1D-B4D4-91400382BDF1}.Release|Any CPU.ActiveCfg = Release|Any CPU
		{2F4BC7A7-F6E9-4E1D-B4D4-91400382BDF1}.Release|Any CPU.Build.0 = Release|Any CPU
		{420B0516-C61B-4546-8C28-B3CDCFE0F8E4}.Debug|Any CPU.ActiveCfg = Debug|Any CPU
		{420B0516-C61B-4546-8C28-B3CDCFE0F8E4}.Debug|Any CPU.Build.0 = Debug|Any CPU
		{420B0516-C61B-4546-8C28-B3CDCFE0F8E4}.Release|Any CPU.ActiveCfg = Release|Any CPU
		{420B0516-C61B-4546-8C28-B3CDCFE0F8E4}.Release|Any CPU.Build.0 = Release|Any CPU
		{C111307B-4F85-4873-AE1D-C1C275DB3489}.Debug|Any CPU.ActiveCfg = Debug|Any CPU
		{C111307B-4F85-4873-AE1D-C1C275DB3489}.Debug|Any CPU.Build.0 = Debug|Any CPU
		{C111307B-4F85-4873-AE1D-C1C275DB3489}.Release|Any CPU.ActiveCfg = Release|Any CPU
		{C111307B-4F85-4873-AE1D-C1C275DB3489}.Release|Any CPU.Build.0 = Release|Any CPU
		{D9269F3E-4840-4B21-8656-78CE23EA7D7E}.Debug|Any CPU.ActiveCfg = Debug|Any CPU
		{D9269F3E-4840-4B21-8656-78CE23EA7D7E}.Debug|Any CPU.Build.0 = Debug|Any CPU
		{D9269F3E-4840-4B21-8656-78CE23EA7D7E}.Release|Any CPU.ActiveCfg = Release|Any CPU
		{D9269F3E-4840-4B21-8656-78CE23EA7D7E}.Release|Any CPU.Build.0 = Release|Any CPU
		{2DD0C687-06A8-4A09-8F94-5D8A70DABAA2}.Debug|Any CPU.ActiveCfg = Debug|Any CPU
		{2DD0C687-06A8-4A09-8F94-5D8A70DABAA2}.Debug|Any CPU.Build.0 = Debug|Any CPU
		{2DD0C687-06A8-4A09-8F94-5D8A70DABAA2}.Release|Any CPU.ActiveCfg = Release|Any CPU
		{2DD0C687-06A8-4A09-8F94-5D8A70DABAA2}.Release|Any CPU.Build.0 = Release|Any CPU
		{E528C6DF-B76B-41A7-988D-E1428DE62855}.Debug|Any CPU.ActiveCfg = Debug|Any CPU
		{E528C6DF-B76B-41A7-988D-E1428DE62855}.Debug|Any CPU.Build.0 = Debug|Any CPU
		{E528C6DF-B76B-41A7-988D-E1428DE62855}.Release|Any CPU.ActiveCfg = Release|Any CPU
		{E528C6DF-B76B-41A7-988D-E1428DE62855}.Release|Any CPU.Build.0 = Release|Any CPU
	EndGlobalSection
	GlobalSection(SolutionProperties) = preSolution
		HideSolutionNode = FALSE
	EndGlobalSection
	GlobalSection(ExtensibilityGlobals) = postSolution
		SolutionGuid = {CA307E85-E7FA-4B28-B5CA-1B249ABCC4A4}
	EndGlobalSection
EndGlobal
