
Microsoft Visual Studio Solution File, Format Version 12.00
# Visual Studio Version 16
VisualStudioVersion = 16.0.30907.101
MinimumVisualStudioVersion = 10.0.40219.1
Project("{9A19103F-16F7-4668-BE54-9A1E7A4F7556}") = "VariablesInputConversion_Example", "VariablesInputConversion_Example\VariablesInputConversion_Example.csproj", "{B2467546-F8FB-411F-95DC-6928D09F5A21}"
EndProject
Project("{9A19103F-16F7-4668-BE54-9A1E7A4F7556}") = "ConditionalStatements", "ConditionalStatements\ConditionalStatements.csproj", "{D697785C-CE5B-41F0-ACB5-63B4FD29FED5}"
EndProject
Project("{9A19103F-16F7-4668-BE54-9A1E7A4F7556}") = "Conditionals_FizzBuzz", "Conditionals_FizzBuzz\Conditionals_FizzBuzz.csproj", "{0D64EF07-7C4B-4C3E-9381-399CECB1A141}"
EndProject
Project("{FAE04EC0-301F-11D3-BF4B-00C04F79EFBC}") = "Loops", "Loops\Loops.csproj", "{FBB43E41-D42E-4221-B8A4-18F8D9A3FAFE}"
EndProject
Global
	GlobalSection(SolutionConfigurationPlatforms) = preSolution
		Debug|Any CPU = Debug|Any CPU
		Release|Any CPU = Release|Any CPU
	EndGlobalSection
	GlobalSection(ProjectConfigurationPlatforms) = postSolution
		{B2467546-F8FB-411F-95DC-6928D09F5A21}.Debug|Any CPU.ActiveCfg = Debug|Any CPU
		{B2467546-F8FB-411F-95DC-6928D09F5A21}.Debug|Any CPU.Build.0 = Debug|Any CPU
		{B2467546-F8FB-411F-95DC-6928D09F5A21}.Release|Any CPU.ActiveCfg = Release|Any CPU
		{B2467546-F8FB-411F-95DC-6928D09F5A21}.Release|Any CPU.Build.0 = Release|Any CPU
		{D697785C-CE5B-41F0-ACB5-63B4FD29FED5}.Debug|Any CPU.ActiveCfg = Debug|Any CPU
		{D697785C-CE5B-41F0-ACB5-63B4FD29FED5}.Debug|Any CPU.Build.0 = Debug|Any CPU
		{D697785C-CE5B-41F0-ACB5-63B4FD29FED5}.Release|Any CPU.ActiveCfg = Release|Any CPU
		{D697785C-CE5B-41F0-ACB5-63B4FD29FED5}.Release|Any CPU.Build.0 = Release|Any CPU
		{0D64EF07-7C4B-4C3E-9381-399CECB1A141}.Debug|Any CPU.ActiveCfg = Debug|Any CPU
		{0D64EF07-7C4B-4C3E-9381-399CECB1A141}.Debug|Any CPU.Build.0 = Debug|Any CPU
		{0D64EF07-7C4B-4C3E-9381-399CECB1A141}.Release|Any CPU.ActiveCfg = Release|Any CPU
		{0D64EF07-7C4B-4C3E-9381-399CECB1A141}.Release|Any CPU.Build.0 = Release|Any CPU
		{FBB43E41-D42E-4221-B8A4-18F8D9A3FAFE}.Debug|Any CPU.ActiveCfg = Debug|Any CPU
		{FBB43E41-D42E-4221-B8A4-18F8D9A3FAFE}.Debug|Any CPU.Build.0 = Debug|Any CPU
		{FBB43E41-D42E-4221-B8A4-18F8D9A3FAFE}.Release|Any CPU.ActiveCfg = Release|Any CPU
		{FBB43E41-D42E-4221-B8A4-18F8D9A3FAFE}.Release|Any CPU.Build.0 = Release|Any CPU
	EndGlobalSection
	GlobalSection(SolutionProperties) = preSolution
		HideSolutionNode = FALSE
	EndGlobalSection
	GlobalSection(ExtensibilityGlobals) = postSolution
		SolutionGuid = {CA307E85-E7FA-4B28-B5CA-1B249ABCC4A4}
	EndGlobalSection
EndGlobal
